
Microsoft Visual Studio Solution File, Format Version 12.00
# Visual Studio Version 17
VisualStudioVersion = 17.11.35303.130
MinimumVisualStudioVersion = 10.0.40219.1
Project("{9A19103F-16F7-4668-BE54-9A1E7A4F7556}") = "BeautySky", "BeautySky\BeautySky.csproj", "{EDE4BD39-EE97-44CA-AEE0-98B6A02BB64A}"
EndProject
Project("{FAE04EC0-301F-11D3-BF4B-00C04F79EFBC}") = "DAL.BeautySky", "DAL.BeautySky\DAL.BeautySky.csproj", "{7E5882A7-1E43-428C-9EAE-8E8449820CE6}"
EndProject
Project("{FAE04EC0-301F-11D3-BF4B-00C04F79EFBC}") = "BLL.BeautySky", "BLL.BeautySky\BLL.BeautySky.csproj", "{0DB8A85F-60CA-4142-BBD9-A43808297828}"
EndProject
Global
	GlobalSection(SolutionConfigurationPlatforms) = preSolution
		Debug|Any CPU = Debug|Any CPU
		Release|Any CPU = Release|Any CPU
	EndGlobalSection
	GlobalSection(ProjectConfigurationPlatforms) = postSolution
		{EDE4BD39-EE97-44CA-AEE0-98B6A02BB64A}.Debug|Any CPU.ActiveCfg = Debug|Any CPU
		{EDE4BD39-EE97-44CA-AEE0-98B6A02BB64A}.Debug|Any CPU.Build.0 = Debug|Any CPU
		{EDE4BD39-EE97-44CA-AEE0-98B6A02BB64A}.Release|Any CPU.ActiveCfg = Release|Any CPU
		{EDE4BD39-EE97-44CA-AEE0-98B6A02BB64A}.Release|Any CPU.Build.0 = Release|Any CPU
		{7E5882A7-1E43-428C-9EAE-8E8449820CE6}.Debug|Any CPU.ActiveCfg = Debug|Any CPU
		{7E5882A7-1E43-428C-9EAE-8E8449820CE6}.Debug|Any CPU.Build.0 = Debug|Any CPU
		{7E5882A7-1E43-428C-9EAE-8E8449820CE6}.Release|Any CPU.ActiveCfg = Release|Any CPU
		{7E5882A7-1E43-428C-9EAE-8E8449820CE6}.Release|Any CPU.Build.0 = Release|Any CPU
		{0DB8A85F-60CA-4142-BBD9-A43808297828}.Debug|Any CPU.ActiveCfg = Debug|Any CPU
		{0DB8A85F-60CA-4142-BBD9-A43808297828}.Debug|Any CPU.Build.0 = Debug|Any CPU
		{0DB8A85F-60CA-4142-BBD9-A43808297828}.Release|Any CPU.ActiveCfg = Release|Any CPU
		{0DB8A85F-60CA-4142-BBD9-A43808297828}.Release|Any CPU.Build.0 = Release|Any CPU
	EndGlobalSection
	GlobalSection(SolutionProperties) = preSolution
		HideSolutionNode = FALSE
	EndGlobalSection
	GlobalSection(ExtensibilityGlobals) = postSolution
		SolutionGuid = {6D56FB9A-3F3A-4F04-A4C5-79DF32E2AA47}
	EndGlobalSection
EndGlobal
